// !$*UTF8*$!
{
	archiveVersion = 1;
	classes = {
	};
	objectVersion = 46;
	objects = {

/* Begin PBXBuildFile section */
		AFA6C0281EF92F9D0058407F /* AppDelegate.swift in Sources */ = {isa = PBXBuildFile; fileRef = AFA6C0271EF92F9D0058407F /* AppDelegate.swift */; };
		AFA6C02D1EF92F9D0058407F /* Main.storyboard in Resources */ = {isa = PBXBuildFile; fileRef = AFA6C02B1EF92F9D0058407F /* Main.storyboard */; };
		AFA6C02F1EF92F9D0058407F /* Assets.xcassets in Resources */ = {isa = PBXBuildFile; fileRef = AFA6C02E1EF92F9D0058407F /* Assets.xcassets */; };
		AFA6C0321EF92F9D0058407F /* LaunchScreen.storyboard in Resources */ = {isa = PBXBuildFile; fileRef = AFA6C0301EF92F9D0058407F /* LaunchScreen.storyboard */; };
		AFA6C03A1EF92FFD0058407F /* FirstTableViewController.swift in Sources */ = {isa = PBXBuildFile; fileRef = AFA6C0391EF92FFD0058407F /* FirstTableViewController.swift */; };
		AFA6C03C1EF930450058407F /* SecondTableViewController.swift in Sources */ = {isa = PBXBuildFile; fileRef = AFA6C03B1EF930450058407F /* SecondTableViewController.swift */; };
/* End PBXBuildFile section */

/* Begin PBXFileReference section */
		AFA6C0241EF92F9C0058407F /* TVtoTV.app */ = {isa = PBXFileReference; explicitFileType = wrapper.application; includeInIndex = 0; path = TVtoTV.app; sourceTree = BUILT_PRODUCTS_DIR; };
		AFA6C0271EF92F9D0058407F /* AppDelegate.swift */ = {isa = PBXFileReference; lastKnownFileType = sourcecode.swift; path = AppDelegate.swift; sourceTree = "<group>"; };
		AFA6C02C1EF92F9D0058407F /* Base */ = {isa = PBXFileReference; lastKnownFileType = file.storyboard; name = Base; path = Base.lproj/Main.storyboard; sourceTree = "<group>"; };
		AFA6C02E1EF92F9D0058407F /* Assets.xcassets */ = {isa = PBXFileReference; lastKnownFileType = folder.assetcatalog; path = Assets.xcassets; sourceTree = "<group>"; };
		AFA6C0311EF92F9D0058407F /* Base */ = {isa = PBXFileReference; lastKnownFileType = file.storyboard; name = Base; path = Base.lproj/LaunchScreen.storyboard; sourceTree = "<group>"; };
		AFA6C0331EF92F9D0058407F /* Info.plist */ = {isa = PBXFileReference; lastKnownFileType = text.plist.xml; path = Info.plist; sourceTree = "<group>"; };
		AFA6C0391EF92FFD0058407F /* FirstTableViewController.swift */ = {isa = PBXFileReference; fileEncoding = 4; lastKnownFileType = sourcecode.swift; path = FirstTableViewController.swift; sourceTree = "<group>"; };
		AFA6C03B1EF930450058407F /* SecondTableViewController.swift */ = {isa = PBXFileReference; fileEncoding = 4; lastKnownFileType = sourcecode.swift; path = SecondTableViewController.swift; sourceTree = "<group>"; };
/* End PBXFileReference section */

/* Begin PBXFrameworksBuildPhase section */
		AFA6C0211EF92F9C0058407F /* Frameworks */ = {
			isa = PBXFrameworksBuildPhase;
			buildActionMask = 2147483647;
			files = (
			);
			runOnlyForDeploymentPostprocessing = 0;
		};
/* End PBXFrameworksBuildPhase section */

/* Begin PBXGroup section */
		AFA6C01B1EF92F9C0058407F = {
			isa = PBXGroup;
			children = (
				AFA6C0261EF92F9C0058407F /* TVtoTV */,
				AFA6C0251EF92F9C0058407F /* Products */,
			);
			sourceTree = "<group>";
		};
		AFA6C0251EF92F9C0058407F /* Products */ = {
			isa = PBXGroup;
			children = (
				AFA6C0241EF92F9C0058407F /* TVtoTV.app */,
			);
			name = Products;
			sourceTree = "<group>";
		};
		AFA6C0261EF92F9C0058407F /* TVtoTV */ = {
			isa = PBXGroup;
			children = (
				AFA6C0271EF92F9D0058407F /* AppDelegate.swift */,
				AFA6C0391EF92FFD0058407F /* FirstTableViewController.swift */,
				AFA6C03B1EF930450058407F /* SecondTableViewController.swift */,
				AFA6C02B1EF92F9D0058407F /* Main.storyboard */,
				AFA6C02E1EF92F9D0058407F /* Assets.xcassets */,
				AFA6C0301EF92F9D0058407F /* LaunchScreen.storyboard */,
				AFA6C0331EF92F9D0058407F /* Info.plist */,
			);
			path = TVtoTV;
			sourceTree = "<group>";
		};
/* End PBXGroup section */

/* Begin PBXNativeTarget section */
		AFA6C0231EF92F9C0058407F /* TVtoTV */ = {
			isa = PBXNativeTarget;
			buildConfigurationList = AFA6C0361EF92F9D0058407F /* Build configuration list for PBXNativeTarget "TVtoTV" */;
			buildPhases = (
				AFA6C0201EF92F9C0058407F /* Sources */,
				AFA6C0211EF92F9C0058407F /* Frameworks */,
				AFA6C0221EF92F9C0058407F /* Resources */,
			);
			buildRules = (
			);
			dependencies = (
			);
			name = TVtoTV;
			productName = TVtoTV;
			productReference = AFA6C0241EF92F9C0058407F /* TVtoTV.app */;
			productType = "com.apple.product-type.application";
		};
/* End PBXNativeTarget section */

/* Begin PBXProject section */
		AFA6C01C1EF92F9C0058407F /* Project object */ = {
			isa = PBXProject;
			attributes = {
				LastSwiftUpdateCheck = 0830;
				LastUpgradeCheck = 0900;
				ORGANIZATIONNAME = "Nayem BJIT";
				TargetAttributes = {
					AFA6C0231EF92F9C0058407F = {
						CreatedOnToolsVersion = 8.3;
						DevelopmentTeam = 2BL4KQW6R5;
						LastSwiftMigration = 0900;
						ProvisioningStyle = Automatic;
					};
				};
			};
			buildConfigurationList = AFA6C01F1EF92F9C0058407F /* Build configuration list for PBXProject "TVtoTV" */;
			compatibilityVersion = "Xcode 3.2";
			developmentRegion = English;
			hasScannedForEncodings = 0;
			knownRegions = (
				en,
				Base,
			);
			mainGroup = AFA6C01B1EF92F9C0058407F;
			productRefGroup = AFA6C0251EF92F9C0058407F /* Products */;
			projectDirPath = "";
			projectRoot = "";
			targets = (
				AFA6C0231EF92F9C0058407F /* TVtoTV */,
			);
		};
/* End PBXProject section */

/* Begin PBXResourcesBuildPhase section */
		AFA6C0221EF92F9C0058407F /* Resources */ = {
			isa = PBXResourcesBuildPhase;
			buildActionMask = 2147483647;
			files = (
				AFA6C0321EF92F9D0058407F /* LaunchScreen.storyboard in Resources */,
				AFA6C02F1EF92F9D0058407F /* Assets.xcassets in Resources */,
				AFA6C02D1EF92F9D0058407F /* Main.storyboard in Resources */,
			);
			runOnlyForDeploymentPostprocessing = 0;
		};
/* End PBXResourcesBuildPhase section */

/* Begin PBXSourcesBuildPhase section */
		AFA6C0201EF92F9C0058407F /* Sources */ = {
			isa = PBXSourcesBuildPhase;
			buildActionMask = 2147483647;
			files = (
				AFA6C03A1EF92FFD0058407F /* FirstTableViewController.swift in Sources */,
				AFA6C03C1EF930450058407F /* SecondTableViewController.swift in Sources */,
				AFA6C0281EF92F9D0058407F /* AppDelegate.swift in Sources */,
			);
			runOnlyForDeploymentPostprocessing = 0;
		};
/* End PBXSourcesBuildPhase section */

/* Begin PBXVariantGroup section */
		AFA6C02B1EF92F9D0058407F /* Main.storyboard */ = {
			isa = PBXVariantGroup;
			children = (
				AFA6C02C1EF92F9D0058407F /* Base */,
			);
			name = Main.storyboard;
			sourceTree = "<group>";
		};
		AFA6C0301EF92F9D0058407F /* LaunchScreen.storyboard */ = {
			isa = PBXVariantGroup;
			children = (
				AFA6C0311EF92F9D0058407F /* Base */,
			);
			name = LaunchScreen.storyboard;
			sourceTree = "<group>";
		};
/* End PBXVariantGroup section */

/* Begin XCBuildConfiguration section */
		AFA6C0341EF92F9D0058407F /* Debug */ = {
			isa = XCBuildConfiguration;
			buildSettings = {
				ALWAYS_SEARCH_USER_PATHS = NO;
				CLANG_ANALYZER_NONNULL = YES;
				CLANG_ANALYZER_NUMBER_OBJECT_CONVERSION = YES_AGGRESSIVE;
				CLANG_CXX_LANGUAGE_STANDARD = "gnu++0x";
				CLANG_CXX_LIBRARY = "libc++";
				CLANG_ENABLE_MODULES = YES;
				CLANG_ENABLE_OBJC_ARC = YES;
				CLANG_WARN_BLOCK_CAPTURE_AUTORELEASING = YES;
				CLANG_WARN_BOOL_CONVERSION = YES;
				CLANG_WARN_COMMA = YES;
				CLANG_WARN_CONSTANT_CONVERSION = YES;
				CLANG_WARN_DIRECT_OBJC_ISA_USAGE = YES_ERROR;
				CLANG_WARN_DOCUMENTATION_COMMENTS = YES;
				CLANG_WARN_EMPTY_BODY = YES;
				CLANG_WARN_ENUM_CONVERSION = YES;
				CLANG_WARN_INFINITE_RECURSION = YES;
				CLANG_WARN_INT_CONVERSION = YES;
				CLANG_WARN_NON_LITERAL_NULL_CONVERSION = YES;
				CLANG_WARN_OBJC_LITERAL_CONVERSION = YES;
				CLANG_WARN_OBJC_ROOT_CLASS = YES_ERROR;
				CLANG_WARN_RANGE_LOOP_ANALYSIS = YES;
				CLANG_WARN_STRICT_PROTOTYPES = YES;
				CLANG_WARN_SUSPICIOUS_MOVE = YES;
				CLANG_WARN_UNREACHABLE_CODE = YES;
				CLANG_WARN__DUPLICATE_METHOD_MATCH = YES;
				"CODE_SIGN_IDENTITY[sdk=iphoneos*]" = "iPhone Developer";
				COPY_PHASE_STRIP = NO;
				DEBUG_INFORMATION_FORMAT = dwarf;
				ENABLE_STRICT_OBJC_MSGSEND = YES;
				ENABLE_TESTABILITY = YES;
				GCC_C_LANGUAGE_STANDARD = gnu99;
				GCC_DYNAMIC_NO_PIC = NO;
				GCC_NO_COMMON_BLOCKS = YES;
				GCC_OPTIMIZATION_LEVEL = 0;
				GCC_PREPROCESSOR_DEFINITIONS = (
					"DEBUG=1",
					"$(inherited)",
				);
				GCC_WARN_64_TO_32_BIT_CONVERSION = YES;
				GCC_WARN_ABOUT_RETURN_TYPE = YES_ERROR;
				GCC_WARN_UNDECLARED_SELECTOR = YES;
				GCC_WARN_UNINITIALIZED_AUTOS = YES_AGGRESSIVE;
				GCC_WARN_UNUSED_FUNCTION = YES;
				GCC_WARN_UNUSED_VARIABLE = YES;
				IPHONEOS_DEPLOYMENT_TARGET = 10.0;
				MTL_ENABLE_DEBUG_INFO = YES;
				ONLY_ACTIVE_ARCH = YES;
				SDKROOT = iphoneos;
				SWIFT_ACTIVE_COMPILATION_CONDITIONS = DEBUG;
				SWIFT_OPTIMIZATION_LEVEL = "-Onone";
				TARGETED_DEVICE_FAMILY = "1,2";
			};
			name = Debug;
		};
		AFA6C0351EF92F9D0058407F /* Release */ = {
			isa = XCBuildConfiguration;
			buildSettings = {
				ALWAYS_SEARCH_USER_PATHS = NO;
				CLANG_ANALYZER_NONNULL = YES;
				CLANG_ANALYZER_NUMBER_OBJECT_CONVERSION = YES_AGGRESSIVE;
				CLANG_CXX_LANGUAGE_STANDARD = "gnu++0x";
				CLANG_CXX_LIBRARY = "libc++";
				CLANG_ENABLE_MODULES = YES;
				CLANG_ENABLE_OBJC_ARC = YES;
				CLANG_WARN_BLOCK_CAPTURE_AUTORELEASING = YES;
				CLANG_WARN_BOOL_CONVERSION = YES;
				CLANG_WARN_COMMA = YES;
				CLANG_WARN_CONSTANT_CONVERSION = YES;
				CLANG_WARN_DIRECT_OBJC_ISA_USAGE = YES_ERROR;
				CLANG_WARN_DOCUMENTATION_COMMENTS = YES;
				CLANG_WARN_EMPTY_BODY = YES;
				CLANG_WARN_ENUM_CONVERSION = YES;
				CLANG_WARN_INFINITE_RECURSION = YES;
				CLANG_WARN_INT_CONVERSION = YES;
				CLANG_WARN_NON_LITERAL_NULL_CONVERSION = YES;
				CLANG_WARN_OBJC_LITERAL_CONVERSION = YES;
				CLANG_WARN_OBJC_ROOT_CLASS = YES_ERROR;
				CLANG_WARN_RANGE_LOOP_ANALYSIS = YES;
				CLANG_WARN_STRICT_PROTOTYPES = YES;
				CLANG_WARN_SUSPICIOUS_MOVE = YES;
				CLANG_WARN_UNREACHABLE_CODE = YES;
				CLANG_WARN__DUPLICATE_METHOD_MATCH = YES;
				"CODE_SIGN_IDENTITY[sdk=iphoneos*]" = "iPhone Developer";
				COPY_PHASE_STRIP = NO;
				DEBUG_INFORMATION_FORMAT = "dwarf-with-dsym";
				ENABLE_NS_ASSERTIONS = NO;
				ENABLE_STRICT_OBJC_MSGSEND = YES;
				GCC_C_LANGUAGE_STANDARD = gnu99;
				GCC_NO_COMMON_BLOCKS = YES;
				GCC_WARN_64_TO_32_BIT_CONVERSION = YES;
				GCC_WARN_ABOUT_RETURN_TYPE = YES_ERROR;
				GCC_WARN_UNDECLARED_SELECTOR = YES;
				GCC_WARN_UNINITIALIZED_AUTOS = YES_AGGRESSIVE;
				GCC_WARN_UNUSED_FUNCTION = YES;
				GCC_WARN_UNUSED_VARIABLE = YES;
				IPHONEOS_DEPLOYMENT_TARGET = 10.0;
				MTL_ENABLE_DEBUG_INFO = NO;
				SDKROOT = iphoneos;
				SWIFT_OPTIMIZATION_LEVEL = "-Owholemodule";
				TARGETED_DEVICE_FAMILY = "1,2";
				VALIDATE_PRODUCT = YES;
			};
			name = Release;
		};
		AFA6C0371EF92F9D0058407F /* Debug */ = {
			isa = XCBuildConfiguration;
			buildSettings = {
				ASSETCATALOG_COMPILER_APPICON_NAME = AppIcon;
				"CODE_SIGN_IDENTITY[sdk=iphoneos*]" = "iPhone Developer";
				CODE_SIGN_STYLE = Automatic;
				DEVELOPMENT_TEAM = "";
				INFOPLIST_FILE = TVtoTV/Info.plist;
				IPHONEOS_DEPLOYMENT_TARGET = 10.0;
				LD_RUNPATH_SEARCH_PATHS = "$(inherited) @executable_path/Frameworks";
				PRODUCT_BUNDLE_IDENTIFIER = com.bjitgroup.TVtoTV;
				PRODUCT_NAME = "$(TARGET_NAME)";
				PROVISIONING_PROFILE = "";
				PROVISIONING_PROFILE_SPECIFIER = "";
				SWIFT_SWIFT3_OBJC_INFERENCE = Off;
				SWIFT_VERSION = 4.0;
			};
			name = Debug;
		};
		AFA6C0381EF92F9D0058407F /* Release */ = {
			isa = XCBuildConfiguration;
			buildSettings = {
				ASSETCATALOG_COMPILER_APPICON_NAME = AppIcon;
				"CODE_SIGN_IDENTITY[sdk=iphoneos*]" = "iPhone Developer";
				CODE_SIGN_STYLE = Automatic;
				DEVELOPMENT_TEAM = "";
				INFOPLIST_FILE = TVtoTV/Info.plist;
				IPHONEOS_DEPLOYMENT_TARGET = 10.0;
				LD_RUNPATH_SEARCH_PATHS = "$(inherited) @executable_path/Frameworks";
				PRODUCT_BUNDLE_IDENTIFIER = com.bjitgroup.TVtoTV;
				PRODUCT_NAME = "$(TARGET_NAME)";
				PROVISIONING_PROFILE_SPECIFIER = "";
				SWIFT_SWIFT3_OBJC_INFERENCE = Off;
				SWIFT_VERSION = 4.0;
			};
			name = Release;
		};
/* End XCBuildConfiguration section */

/* Begin XCConfigurationList section */
		AFA6C01F1EF92F9C0058407F /* Build configuration list for PBXProject "TVtoTV" */ = {
			isa = XCConfigurationList;
			buildConfigurations = (
				AFA6C0341EF92F9D0058407F /* Debug */,
				AFA6C0351EF92F9D0058407F /* Release */,
			);
			defaultConfigurationIsVisible = 0;
			defaultConfigurationName = Release;
		};
		AFA6C0361EF92F9D0058407F /* Build configuration list for PBXNativeTarget "TVtoTV" */ = {
			isa = XCConfigurationList;
			buildConfigurations = (
				AFA6C0371EF92F9D0058407F /* Debug */,
				AFA6C0381EF92F9D0058407F /* Release */,
			);
			defaultConfigurationIsVisible = 0;
			defaultConfigurationName = Release;
		};
/* End XCConfigurationList section */
	};
	rootObject = AFA6C01C1EF92F9C0058407F /* Project object */;
}
